
Microsoft Visual Studio Solution File, Format Version 12.00
# Visual Studio 14
VisualStudioVersion = 14.0.25420.1
MinimumVisualStudioVersion = 10.0.40219.1
Project("{FAE04EC0-301F-11D3-BF4B-00C04F79EFBC}") = "Mini Social Networking Web App", "Mini Social Networking Web App\Mini Social Networking Web App.csproj", "{35706B5E-65EF-4D58-8212-8EBE724C2FF5}"
EndProject
Global
	GlobalSection(SolutionConfigurationPlatforms) = preSolution
		Debug|Any CPU = Debug|Any CPU
		Release|Any CPU = Release|Any CPU
	EndGlobalSection
	GlobalSection(ProjectConfigurationPlatforms) = postSolution
		{35706B5E-65EF-4D58-8212-8EBE724C2FF5}.Debug|Any CPU.ActiveCfg = Debug|Any CPU
		{35706B5E-65EF-4D58-8212-8EBE724C2FF5}.Debug|Any CPU.Build.0 = Debug|Any CPU
		{35706B5E-65EF-4D58-8212-8EBE724C2FF5}.Release|Any CPU.ActiveCfg = Release|Any CPU
		{35706B5E-65EF-4D58-8212-8EBE724C2FF5}.Release|Any CPU.Build.0 = Release|Any CPU
	EndGlobalSection
	GlobalSection(SolutionProperties) = preSolution
		HideSolutionNode = FALSE
	EndGlobalSection
EndGlobal
